{
  "name": "refer",
  "version": "1.0.0",
  "lockfileVersion": 1,
  "requires": true,
  "dependencies": {
    "node-rtsp-stream": {
      "version": "0.0.9",
      "resolved": "https://registry.npmjs.org/node-rtsp-stream/-/node-rtsp-stream-0.0.9.tgz",
      "integrity": "sha512-ynSkdHL4fuhctl1GeK890De7n8Dw+37D6IAZGrzsFSrd4TYho6neFQpMS1t0ZRDGsAegKh2p6kl1l9Vo3pJk8w==",
      "requires": {
        "ws": "^7.0.0"
      }
    },
    "ws": {
      "version": "7.5.7",
      "resolved": "https://registry.npmjs.org/ws/-/ws-7.5.7.tgz",
      "integrity": "sha512-KMvVuFzpKBuiIXW3E4u3mySRO2/mCHSyZDJQM5NQ9Q9KHWHWh0NHgfbRMLLrceUK5qAL4ytALJbpRMjixFZh8A=="
    }
  }
}
